
Microsoft Visual Studio Solution File, Format Version 12.00
# Visual Studio Version 16
VisualStudioVersion = 16.0.30804.86
MinimumVisualStudioVersion = 10.0.40219.1
Project("{9A19103F-16F7-4668-BE54-9A1E7A4F7556}") = "LightJson", "LightJson\LightJson.csproj", "{3BC85E8B-8A37-4015-B4A8-2D973F8622F1}"
EndProject
Global
	GlobalSection(SolutionConfigurationPlatforms) = preSolution
		Debug|Any CPU = Debug|Any CPU
		Release|Any CPU = Release|Any CPU
	EndGlobalSection
	GlobalSection(ProjectConfigurationPlatforms) = postSolution
		{3BC85E8B-8A37-4015-B4A8-2D973F8622F1}.Debug|Any CPU.ActiveCfg = Debug|Any CPU
		{3BC85E8B-8A37-4015-B4A8-2D973F8622F1}.Debug|Any CPU.Build.0 = Debug|Any CPU
		{3BC85E8B-8A37-4015-B4A8-2D973F8622F1}.Release|Any CPU.ActiveCfg = Release|Any CPU
		{3BC85E8B-8A37-4015-B4A8-2D973F8622F1}.Release|Any CPU.Build.0 = Release|Any CPU
	EndGlobalSection
	GlobalSection(SolutionProperties) = preSolution
		HideSolutionNode = FALSE
	EndGlobalSection
	GlobalSection(ExtensibilityGlobals) = postSolution
		SolutionGuid = {546E2B96-CE8E-4063-8550-9B38E41D0D46}
	EndGlobalSection
EndGlobal
